
Microsoft Visual Studio Solution File, Format Version 12.00
# Visual Studio Version 17
VisualStudioVersion = 17.5.33627.172
MinimumVisualStudioVersion = 10.0.40219.1
Project("{FAE04EC0-301F-11D3-BF4B-00C04F79EFBC}") = "APITest", "APITest\APITest.csproj", "{CE797D60-F146-442C-B719-1EEA7756A299}"
EndProject
Global
	GlobalSection(SolutionConfigurationPlatforms) = preSolution
		Debug|Any CPU = Debug|Any CPU
		Release|Any CPU = Release|Any CPU
	EndGlobalSection
	GlobalSection(ProjectConfigurationPlatforms) = postSolution
		{CE797D60-F146-442C-B719-1EEA7756A299}.Debug|Any CPU.ActiveCfg = Debug|Any CPU
		{CE797D60-F146-442C-B719-1EEA7756A299}.Debug|Any CPU.Build.0 = Debug|Any CPU
		{CE797D60-F146-442C-B719-1EEA7756A299}.Release|Any CPU.ActiveCfg = Release|Any CPU
		{CE797D60-F146-442C-B719-1EEA7756A299}.Release|Any CPU.Build.0 = Release|Any CPU
	EndGlobalSection
	GlobalSection(SolutionProperties) = preSolution
		HideSolutionNode = FALSE
	EndGlobalSection
	GlobalSection(ExtensibilityGlobals) = postSolution
		SolutionGuid = {37430A2A-0FC5-4E91-BA15-BD1588547767}
	EndGlobalSection
EndGlobal
